// !$*UTF8*$!
{
	archiveVersion = 1;
	classes = {
	};
	objectVersion = 56;
	objects = {

/* Begin PBXBuildFile section */
		433010B929A174B400D326D9 /* FitPrepApp.swift in Sources */ = {isa = PBXBuildFile; fileRef = 433010B829A174B400D326D9 /* FitPrepApp.swift */; };
		433010BB29A174B400D326D9 /* ContentView.swift in Sources */ = {isa = PBXBuildFile; fileRef = 433010BA29A174B400D326D9 /* ContentView.swift */; };
		433010BD29A174B500D326D9 /* Assets.xcassets in Resources */ = {isa = PBXBuildFile; fileRef = 433010BC29A174B500D326D9 /* Assets.xcassets */; };
		433010C029A174B500D326D9 /* Preview Assets.xcassets in Resources */ = {isa = PBXBuildFile; fileRef = 433010BF29A174B500D326D9 /* Preview Assets.xcassets */; };
		433010C229A174B500D326D9 /* Persistence.swift in Sources */ = {isa = PBXBuildFile; fileRef = 433010C129A174B500D326D9 /* Persistence.swift */; };
		433010C529A174B500D326D9 /* FitPrep.xcdatamodeld in Sources */ = {isa = PBXBuildFile; fileRef = 433010C329A174B500D326D9 /* FitPrep.xcdatamodeld */; };
		433010CE29A17AF700D326D9 /* HomeTabsView.swift in Sources */ = {isa = PBXBuildFile; fileRef = 433010CD29A17AF700D326D9 /* HomeTabsView.swift */; };
		433010D029A17D0900D326D9 /* SettingsView.swift in Sources */ = {isa = PBXBuildFile; fileRef = 433010CF29A17D0900D326D9 /* SettingsView.swift */; };
		433010D229A17D1000D326D9 /* MealsView.swift in Sources */ = {isa = PBXBuildFile; fileRef = 433010D129A17D1000D326D9 /* MealsView.swift */; };
		433010D429A17D1700D326D9 /* WorkoutsView.swift in Sources */ = {isa = PBXBuildFile; fileRef = 433010D329A17D1700D326D9 /* WorkoutsView.swift */; };
		433010D929A23BDE00D326D9 /* MealCategoryView.swift in Sources */ = {isa = PBXBuildFile; fileRef = 433010D829A23BDE00D326D9 /* MealCategoryView.swift */; };
		433010DB29A23BE400D326D9 /* MealView.swift in Sources */ = {isa = PBXBuildFile; fileRef = 433010DA29A23BE400D326D9 /* MealView.swift */; };
		43AAFE4D29B098C500CA0884 /* WorkoutsViewModel.swift in Sources */ = {isa = PBXBuildFile; fileRef = 43AAFE4C29B098C500CA0884 /* WorkoutsViewModel.swift */; };
		43AAFE4F29B098D600CA0884 /* SettingsViewModel.swift in Sources */ = {isa = PBXBuildFile; fileRef = 43AAFE4E29B098D600CA0884 /* SettingsViewModel.swift */; };
		43FCE76C29CB98A6008B35B4 /* Workout.swift in Sources */ = {isa = PBXBuildFile; fileRef = 43FCE76B29CB98A6008B35B4 /* Workout.swift */; };
		43FCE76E29CB98DB008B35B4 /* WorkoutType.swift in Sources */ = {isa = PBXBuildFile; fileRef = 43FCE76D29CB98DB008B35B4 /* WorkoutType.swift */; };
		43FCE77029CB98F5008B35B4 /* Set.swift in Sources */ = {isa = PBXBuildFile; fileRef = 43FCE76F29CB98F5008B35B4 /* Set.swift */; };
		43FCE77229CB990A008B35B4 /* CompletedWorkout.swift in Sources */ = {isa = PBXBuildFile; fileRef = 43FCE77129CB990A008B35B4 /* CompletedWorkout.swift */; };
		43FE455829AD566B00F02AAC /* SettingsModel.swift in Sources */ = {isa = PBXBuildFile; fileRef = 43FE455729AD566B00F02AAC /* SettingsModel.swift */; };
/* End PBXBuildFile section */

/* Begin PBXFileReference section */
		433010B529A174B400D326D9 /* FitPrep.app */ = {isa = PBXFileReference; explicitFileType = wrapper.application; includeInIndex = 0; path = FitPrep.app; sourceTree = BUILT_PRODUCTS_DIR; };
		433010B829A174B400D326D9 /* FitPrepApp.swift */ = {isa = PBXFileReference; lastKnownFileType = sourcecode.swift; path = FitPrepApp.swift; sourceTree = "<group>"; };
		433010BA29A174B400D326D9 /* ContentView.swift */ = {isa = PBXFileReference; lastKnownFileType = sourcecode.swift; path = ContentView.swift; sourceTree = "<group>"; };
		433010BC29A174B500D326D9 /* Assets.xcassets */ = {isa = PBXFileReference; lastKnownFileType = folder.assetcatalog; path = Assets.xcassets; sourceTree = "<group>"; };
		433010BF29A174B500D326D9 /* Preview Assets.xcassets */ = {isa = PBXFileReference; lastKnownFileType = folder.assetcatalog; path = "Preview Assets.xcassets"; sourceTree = "<group>"; };
		433010C129A174B500D326D9 /* Persistence.swift */ = {isa = PBXFileReference; lastKnownFileType = sourcecode.swift; path = Persistence.swift; sourceTree = "<group>"; };
		433010C429A174B500D326D9 /* FitPrep.xcdatamodel */ = {isa = PBXFileReference; lastKnownFileType = wrapper.xcdatamodel; path = FitPrep.xcdatamodel; sourceTree = "<group>"; };
		433010C629A174B500D326D9 /* Info.plist */ = {isa = PBXFileReference; lastKnownFileType = text.plist.xml; path = Info.plist; sourceTree = "<group>"; };
		433010CD29A17AF700D326D9 /* HomeTabsView.swift */ = {isa = PBXFileReference; lastKnownFileType = sourcecode.swift; path = HomeTabsView.swift; sourceTree = "<group>"; };
		433010CF29A17D0900D326D9 /* SettingsView.swift */ = {isa = PBXFileReference; lastKnownFileType = sourcecode.swift; path = SettingsView.swift; sourceTree = "<group>"; };
		433010D129A17D1000D326D9 /* MealsView.swift */ = {isa = PBXFileReference; lastKnownFileType = sourcecode.swift; path = MealsView.swift; sourceTree = "<group>"; };
		433010D329A17D1700D326D9 /* WorkoutsView.swift */ = {isa = PBXFileReference; lastKnownFileType = sourcecode.swift; path = WorkoutsView.swift; sourceTree = "<group>"; };
		433010D829A23BDE00D326D9 /* MealCategoryView.swift */ = {isa = PBXFileReference; lastKnownFileType = sourcecode.swift; path = MealCategoryView.swift; sourceTree = "<group>"; };
		433010DA29A23BE400D326D9 /* MealView.swift */ = {isa = PBXFileReference; lastKnownFileType = sourcecode.swift; path = MealView.swift; sourceTree = "<group>"; };
		43AAFE4C29B098C500CA0884 /* WorkoutsViewModel.swift */ = {isa = PBXFileReference; lastKnownFileType = sourcecode.swift; path = WorkoutsViewModel.swift; sourceTree = "<group>"; };
		43AAFE4E29B098D600CA0884 /* SettingsViewModel.swift */ = {isa = PBXFileReference; lastKnownFileType = sourcecode.swift; path = SettingsViewModel.swift; sourceTree = "<group>"; };
		43FCE76B29CB98A6008B35B4 /* Workout.swift */ = {isa = PBXFileReference; lastKnownFileType = sourcecode.swift; path = Workout.swift; sourceTree = "<group>"; };
		43FCE76D29CB98DB008B35B4 /* WorkoutType.swift */ = {isa = PBXFileReference; lastKnownFileType = sourcecode.swift; path = WorkoutType.swift; sourceTree = "<group>"; };
		43FCE76F29CB98F5008B35B4 /* Set.swift */ = {isa = PBXFileReference; lastKnownFileType = sourcecode.swift; path = Set.swift; sourceTree = "<group>"; };
		43FCE77129CB990A008B35B4 /* CompletedWorkout.swift */ = {isa = PBXFileReference; lastKnownFileType = sourcecode.swift; path = CompletedWorkout.swift; sourceTree = "<group>"; };
		43FE455729AD566B00F02AAC /* SettingsModel.swift */ = {isa = PBXFileReference; lastKnownFileType = sourcecode.swift; path = SettingsModel.swift; sourceTree = "<group>"; };
/* End PBXFileReference section */

/* Begin PBXFrameworksBuildPhase section */
		433010B229A174B400D326D9 /* Frameworks */ = {
			isa = PBXFrameworksBuildPhase;
			buildActionMask = 2147483647;
			files = (
			);
			runOnlyForDeploymentPostprocessing = 0;
		};
/* End PBXFrameworksBuildPhase section */

/* Begin PBXGroup section */
		433010AC29A174B400D326D9 = {
			isa = PBXGroup;
			children = (
				433010B729A174B400D326D9 /* FitPrep */,
				433010B629A174B400D326D9 /* Products */,
			);
			sourceTree = "<group>";
		};
		433010B629A174B400D326D9 /* Products */ = {
			isa = PBXGroup;
			children = (
				433010B529A174B400D326D9 /* FitPrep.app */,
			);
			name = Products;
			sourceTree = "<group>";
		};
		433010B729A174B400D326D9 /* FitPrep */ = {
			isa = PBXGroup;
			children = (
				43AAFE4B29B098BC00CA0884 /* ViewModels */,
				43FE455629AD566400F02AAC /* Models */,
				43C1E64A29A8093B0082A7D6 /* Observables */,
				433010CC29A174CA00D326D9 /* Views */,
				433010B829A174B400D326D9 /* FitPrepApp.swift */,
				433010BA29A174B400D326D9 /* ContentView.swift */,
				433010BC29A174B500D326D9 /* Assets.xcassets */,
				433010C129A174B500D326D9 /* Persistence.swift */,
				433010C629A174B500D326D9 /* Info.plist */,
				433010C329A174B500D326D9 /* FitPrep.xcdatamodeld */,
				433010BE29A174B500D326D9 /* Preview Content */,
			);
			path = FitPrep;
			sourceTree = "<group>";
		};
		433010BE29A174B500D326D9 /* Preview Content */ = {
			isa = PBXGroup;
			children = (
				433010BF29A174B500D326D9 /* Preview Assets.xcassets */,
			);
			path = "Preview Content";
			sourceTree = "<group>";
		};
		433010CC29A174CA00D326D9 /* Views */ = {
			isa = PBXGroup;
			children = (
				433010CD29A17AF700D326D9 /* HomeTabsView.swift */,
				433010CF29A17D0900D326D9 /* SettingsView.swift */,
				433010D129A17D1000D326D9 /* MealsView.swift */,
				433010D329A17D1700D326D9 /* WorkoutsView.swift */,
				433010D829A23BDE00D326D9 /* MealCategoryView.swift */,
				433010DA29A23BE400D326D9 /* MealView.swift */,
			);
			path = Views;
			sourceTree = "<group>";
		};
		43AAFE4B29B098BC00CA0884 /* ViewModels */ = {
			isa = PBXGroup;
			children = (
				43AAFE4C29B098C500CA0884 /* WorkoutsViewModel.swift */,
				43AAFE4E29B098D600CA0884 /* SettingsViewModel.swift */,
			);
			path = ViewModels;
			sourceTree = "<group>";
		};
		43C1E64A29A8093B0082A7D6 /* Observables */ = {
			isa = PBXGroup;
			children = (
			);
			path = Observables;
			sourceTree = "<group>";
		};
		43FE455629AD566400F02AAC /* Models */ = {
			isa = PBXGroup;
			children = (
				43FE455729AD566B00F02AAC /* SettingsModel.swift */,
				43FCE76B29CB98A6008B35B4 /* Workout.swift */,
				43FCE76D29CB98DB008B35B4 /* WorkoutType.swift */,
				43FCE76F29CB98F5008B35B4 /* Set.swift */,
				43FCE77129CB990A008B35B4 /* CompletedWorkout.swift */,
			);
			path = Models;
			sourceTree = "<group>";
		};
/* End PBXGroup section */

/* Begin PBXNativeTarget section */
		433010B429A174B400D326D9 /* FitPrep */ = {
			isa = PBXNativeTarget;
			buildConfigurationList = 433010C929A174B500D326D9 /* Build configuration list for PBXNativeTarget "FitPrep" */;
			buildPhases = (
				433010B129A174B400D326D9 /* Sources */,
				433010B229A174B400D326D9 /* Frameworks */,
				433010B329A174B400D326D9 /* Resources */,
			);
			buildRules = (
			);
			dependencies = (
			);
			name = FitPrep;
			packageProductDependencies = (
			);
			productName = FitPrep;
			productReference = 433010B529A174B400D326D9 /* FitPrep.app */;
			productType = "com.apple.product-type.application";
		};
/* End PBXNativeTarget section */

/* Begin PBXProject section */
		433010AD29A174B400D326D9 /* Project object */ = {
			isa = PBXProject;
			attributes = {
				BuildIndependentTargetsInParallel = 1;
				LastSwiftUpdateCheck = 1420;
				LastUpgradeCheck = 1420;
				TargetAttributes = {
					433010B429A174B400D326D9 = {
						CreatedOnToolsVersion = 14.2;
					};
				};
			};
			buildConfigurationList = 433010B029A174B400D326D9 /* Build configuration list for PBXProject "FitPrep" */;
			compatibilityVersion = "Xcode 14.0";
			developmentRegion = en;
			hasScannedForEncodings = 0;
			knownRegions = (
				en,
				Base,
			);
			mainGroup = 433010AC29A174B400D326D9;
			packageReferences = (
			);
			productRefGroup = 433010B629A174B400D326D9 /* Products */;
			projectDirPath = "";
			projectRoot = "";
			targets = (
				433010B429A174B400D326D9 /* FitPrep */,
			);
		};
/* End PBXProject section */

/* Begin PBXResourcesBuildPhase section */
		433010B329A174B400D326D9 /* Resources */ = {
			isa = PBXResourcesBuildPhase;
			buildActionMask = 2147483647;
			files = (
				433010C029A174B500D326D9 /* Preview Assets.xcassets in Resources */,
				433010BD29A174B500D326D9 /* Assets.xcassets in Resources */,
			);
			runOnlyForDeploymentPostprocessing = 0;
		};
/* End PBXResourcesBuildPhase section */

/* Begin PBXSourcesBuildPhase section */
		433010B129A174B400D326D9 /* Sources */ = {
			isa = PBXSourcesBuildPhase;
			buildActionMask = 2147483647;
			files = (
				43FCE77029CB98F5008B35B4 /* Set.swift in Sources */,
				433010C229A174B500D326D9 /* Persistence.swift in Sources */,
				433010CE29A17AF700D326D9 /* HomeTabsView.swift in Sources */,
				43FE455829AD566B00F02AAC /* SettingsModel.swift in Sources */,
				433010BB29A174B400D326D9 /* ContentView.swift in Sources */,
				433010D029A17D0900D326D9 /* SettingsView.swift in Sources */,
				433010D229A17D1000D326D9 /* MealsView.swift in Sources */,
				433010C529A174B500D326D9 /* FitPrep.xcdatamodeld in Sources */,
				433010D429A17D1700D326D9 /* WorkoutsView.swift in Sources */,
				43AAFE4F29B098D600CA0884 /* SettingsViewModel.swift in Sources */,
				43FCE77229CB990A008B35B4 /* CompletedWorkout.swift in Sources */,
				43FCE76C29CB98A6008B35B4 /* Workout.swift in Sources */,
				43AAFE4D29B098C500CA0884 /* WorkoutsViewModel.swift in Sources */,
				433010B929A174B400D326D9 /* FitPrepApp.swift in Sources */,
				433010D929A23BDE00D326D9 /* MealCategoryView.swift in Sources */,
				43FCE76E29CB98DB008B35B4 /* WorkoutType.swift in Sources */,
				433010DB29A23BE400D326D9 /* MealView.swift in Sources */,
			);
			runOnlyForDeploymentPostprocessing = 0;
		};
/* End PBXSourcesBuildPhase section */

/* Begin XCBuildConfiguration section */
		433010C729A174B500D326D9 /* Debug */ = {
			isa = XCBuildConfiguration;
			buildSettings = {
				ALWAYS_SEARCH_USER_PATHS = NO;
				CLANG_ANALYZER_NONNULL = YES;
				CLANG_ANALYZER_NUMBER_OBJECT_CONVERSION = YES_AGGRESSIVE;
				CLANG_CXX_LANGUAGE_STANDARD = "gnu++20";
				CLANG_ENABLE_MODULES = YES;
				CLANG_ENABLE_OBJC_ARC = YES;
				CLANG_ENABLE_OBJC_WEAK = YES;
				CLANG_WARN_BLOCK_CAPTURE_AUTORELEASING = YES;
				CLANG_WARN_BOOL_CONVERSION = YES;
				CLANG_WARN_COMMA = YES;
				CLANG_WARN_CONSTANT_CONVERSION = YES;
				CLANG_WARN_DEPRECATED_OBJC_IMPLEMENTATIONS = YES;
				CLANG_WARN_DIRECT_OBJC_ISA_USAGE = YES_ERROR;
				CLANG_WARN_DOCUMENTATION_COMMENTS = YES;
				CLANG_WARN_EMPTY_BODY = YES;
				CLANG_WARN_ENUM_CONVERSION = YES;
				CLANG_WARN_INFINITE_RECURSION = YES;
				CLANG_WARN_INT_CONVERSION = YES;
				CLANG_WARN_NON_LITERAL_NULL_CONVERSION = YES;
				CLANG_WARN_OBJC_IMPLICIT_RETAIN_SELF = YES;
				CLANG_WARN_OBJC_LITERAL_CONVERSION = YES;
				CLANG_WARN_OBJC_ROOT_CLASS = YES_ERROR;
				CLANG_WARN_QUOTED_INCLUDE_IN_FRAMEWORK_HEADER = YES;
				CLANG_WARN_RANGE_LOOP_ANALYSIS = YES;
				CLANG_WARN_STRICT_PROTOTYPES = YES;
				CLANG_WARN_SUSPICIOUS_MOVE = YES;
				CLANG_WARN_UNGUARDED_AVAILABILITY = YES_AGGRESSIVE;
				CLANG_WARN_UNREACHABLE_CODE = YES;
				CLANG_WARN__DUPLICATE_METHOD_MATCH = YES;
				COPY_PHASE_STRIP = NO;
				DEBUG_INFORMATION_FORMAT = dwarf;
				ENABLE_STRICT_OBJC_MSGSEND = YES;
				ENABLE_TESTABILITY = YES;
				GCC_C_LANGUAGE_STANDARD = gnu11;
				GCC_DYNAMIC_NO_PIC = NO;
				GCC_NO_COMMON_BLOCKS = YES;
				GCC_OPTIMIZATION_LEVEL = 0;
				GCC_PREPROCESSOR_DEFINITIONS = (
					"DEBUG=1",
					"$(inherited)",
				);
				GCC_WARN_64_TO_32_BIT_CONVERSION = YES;
				GCC_WARN_ABOUT_RETURN_TYPE = YES_ERROR;
				GCC_WARN_UNDECLARED_SELECTOR = YES;
				GCC_WARN_UNINITIALIZED_AUTOS = YES_AGGRESSIVE;
				GCC_WARN_UNUSED_FUNCTION = YES;
				GCC_WARN_UNUSED_VARIABLE = YES;
				IPHONEOS_DEPLOYMENT_TARGET = 16.2;
				MTL_ENABLE_DEBUG_INFO = INCLUDE_SOURCE;
				MTL_FAST_MATH = YES;
				ONLY_ACTIVE_ARCH = YES;
				SDKROOT = iphoneos;
				SWIFT_ACTIVE_COMPILATION_CONDITIONS = DEBUG;
				SWIFT_OPTIMIZATION_LEVEL = "-Onone";
			};
			name = Debug;
		};
		433010C829A174B500D326D9 /* Release */ = {
			isa = XCBuildConfiguration;
			buildSettings = {
				ALWAYS_SEARCH_USER_PATHS = NO;
				CLANG_ANALYZER_NONNULL = YES;
				CLANG_ANALYZER_NUMBER_OBJECT_CONVERSION = YES_AGGRESSIVE;
				CLANG_CXX_LANGUAGE_STANDARD = "gnu++20";
				CLANG_ENABLE_MODULES = YES;
				CLANG_ENABLE_OBJC_ARC = YES;
				CLANG_ENABLE_OBJC_WEAK = YES;
				CLANG_WARN_BLOCK_CAPTURE_AUTORELEASING = YES;
				CLANG_WARN_BOOL_CONVERSION = YES;
				CLANG_WARN_COMMA = YES;
				CLANG_WARN_CONSTANT_CONVERSION = YES;
				CLANG_WARN_DEPRECATED_OBJC_IMPLEMENTATIONS = YES;
				CLANG_WARN_DIRECT_OBJC_ISA_USAGE = YES_ERROR;
				CLANG_WARN_DOCUMENTATION_COMMENTS = YES;
				CLANG_WARN_EMPTY_BODY = YES;
				CLANG_WARN_ENUM_CONVERSION = YES;
				CLANG_WARN_INFINITE_RECURSION = YES;
				CLANG_WARN_INT_CONVERSION = YES;
				CLANG_WARN_NON_LITERAL_NULL_CONVERSION = YES;
				CLANG_WARN_OBJC_IMPLICIT_RETAIN_SELF = YES;
				CLANG_WARN_OBJC_LITERAL_CONVERSION = YES;
				CLANG_WARN_OBJC_ROOT_CLASS = YES_ERROR;
				CLANG_WARN_QUOTED_INCLUDE_IN_FRAMEWORK_HEADER = YES;
				CLANG_WARN_RANGE_LOOP_ANALYSIS = YES;
				CLANG_WARN_STRICT_PROTOTYPES = YES;
				CLANG_WARN_SUSPICIOUS_MOVE = YES;
				CLANG_WARN_UNGUARDED_AVAILABILITY = YES_AGGRESSIVE;
				CLANG_WARN_UNREACHABLE_CODE = YES;
				CLANG_WARN__DUPLICATE_METHOD_MATCH = YES;
				COPY_PHASE_STRIP = NO;
				DEBUG_INFORMATION_FORMAT = "dwarf-with-dsym";
				ENABLE_NS_ASSERTIONS = NO;
				ENABLE_STRICT_OBJC_MSGSEND = YES;
				GCC_C_LANGUAGE_STANDARD = gnu11;
				GCC_NO_COMMON_BLOCKS = YES;
				GCC_WARN_64_TO_32_BIT_CONVERSION = YES;
				GCC_WARN_ABOUT_RETURN_TYPE = YES_ERROR;
				GCC_WARN_UNDECLARED_SELECTOR = YES;
				GCC_WARN_UNINITIALIZED_AUTOS = YES_AGGRESSIVE;
				GCC_WARN_UNUSED_FUNCTION = YES;
				GCC_WARN_UNUSED_VARIABLE = YES;
				IPHONEOS_DEPLOYMENT_TARGET = 16.2;
				MTL_ENABLE_DEBUG_INFO = NO;
				MTL_FAST_MATH = YES;
				SDKROOT = iphoneos;
				SWIFT_COMPILATION_MODE = wholemodule;
				SWIFT_OPTIMIZATION_LEVEL = "-O";
				VALIDATE_PRODUCT = YES;
			};
			name = Release;
		};
		433010CA29A174B500D326D9 /* Debug */ = {
			isa = XCBuildConfiguration;
			buildSettings = {
				ASSETCATALOG_COMPILER_APPICON_NAME = AppIcon;
				ASSETCATALOG_COMPILER_GLOBAL_ACCENT_COLOR_NAME = AccentColor;
				CODE_SIGN_STYLE = Automatic;
				CURRENT_PROJECT_VERSION = 1;
				DEVELOPMENT_ASSET_PATHS = "\"FitPrep/Preview Content\"";
				DEVELOPMENT_TEAM = MHE4Z7MF59;
				ENABLE_PREVIEWS = YES;
				GENERATE_INFOPLIST_FILE = YES;
				INFOPLIST_KEY_CFBundleDisplayName = "Fit Prep";
				INFOPLIST_KEY_LSApplicationCategoryType = "public.app-category.healthcare-fitness";
				INFOPLIST_KEY_UIApplicationSceneManifest_Generation = YES;
				INFOPLIST_KEY_UIApplicationSupportsIndirectInputEvents = YES;
				INFOPLIST_KEY_UILaunchScreen_Generation = YES;
				INFOPLIST_KEY_UISupportedInterfaceOrientations = UIInterfaceOrientationPortrait;
				INFOPLIST_KEY_UISupportedInterfaceOrientations_iPad = "UIInterfaceOrientationLandscapeLeft UIInterfaceOrientationLandscapeRight UIInterfaceOrientationPortrait UIInterfaceOrientationPortraitUpsideDown";
				LD_RUNPATH_SEARCH_PATHS = (
					"$(inherited)",
					"@executable_path/Frameworks",
				);
				MARKETING_VERSION = 1.0;
				PRODUCT_BUNDLE_IDENTIFIER = dev.ryanhelmn.FitPrep;
				PRODUCT_NAME = "$(TARGET_NAME)";
				SWIFT_EMIT_LOC_STRINGS = YES;
				SWIFT_VERSION = 5.0;
				TARGETED_DEVICE_FAMILY = "1,2";
			};
			name = Debug;
		};
		433010CB29A174B500D326D9 /* Release */ = {
			isa = XCBuildConfiguration;
			buildSettings = {
				ASSETCATALOG_COMPILER_APPICON_NAME = AppIcon;
				ASSETCATALOG_COMPILER_GLOBAL_ACCENT_COLOR_NAME = AccentColor;
				CODE_SIGN_STYLE = Automatic;
				CURRENT_PROJECT_VERSION = 1;
				DEVELOPMENT_ASSET_PATHS = "\"FitPrep/Preview Content\"";
				DEVELOPMENT_TEAM = MHE4Z7MF59;
				ENABLE_PREVIEWS = YES;
				GENERATE_INFOPLIST_FILE = YES;
				INFOPLIST_KEY_CFBundleDisplayName = "Fit Prep";
				INFOPLIST_KEY_LSApplicationCategoryType = "public.app-category.healthcare-fitness";
				INFOPLIST_KEY_UIApplicationSceneManifest_Generation = YES;
				INFOPLIST_KEY_UIApplicationSupportsIndirectInputEvents = YES;
				INFOPLIST_KEY_UILaunchScreen_Generation = YES;
				INFOPLIST_KEY_UISupportedInterfaceOrientations = UIInterfaceOrientationPortrait;
				INFOPLIST_KEY_UISupportedInterfaceOrientations_iPad = "UIInterfaceOrientationLandscapeLeft UIInterfaceOrientationLandscapeRight UIInterfaceOrientationPortrait UIInterfaceOrientationPortraitUpsideDown";
				LD_RUNPATH_SEARCH_PATHS = (
					"$(inherited)",
					"@executable_path/Frameworks",
				);
				MARKETING_VERSION = 1.0;
				PRODUCT_BUNDLE_IDENTIFIER = dev.ryanhelmn.FitPrep;
				PRODUCT_NAME = "$(TARGET_NAME)";
				SWIFT_EMIT_LOC_STRINGS = YES;
				SWIFT_VERSION = 5.0;
				TARGETED_DEVICE_FAMILY = "1,2";
			};
			name = Release;
		};
/* End XCBuildConfiguration section */

/* Begin XCConfigurationList section */
		433010B029A174B400D326D9 /* Build configuration list for PBXProject "FitPrep" */ = {
			isa = XCConfigurationList;
			buildConfigurations = (
				433010C729A174B500D326D9 /* Debug */,
				433010C829A174B500D326D9 /* Release */,
			);
			defaultConfigurationIsVisible = 0;
			defaultConfigurationName = Release;
		};
		433010C929A174B500D326D9 /* Build configuration list for PBXNativeTarget "FitPrep" */ = {
			isa = XCConfigurationList;
			buildConfigurations = (
				433010CA29A174B500D326D9 /* Debug */,
				433010CB29A174B500D326D9 /* Release */,
			);
			defaultConfigurationIsVisible = 0;
			defaultConfigurationName = Release;
		};
/* End XCConfigurationList section */

/* Begin XCVersionGroup section */
		433010C329A174B500D326D9 /* FitPrep.xcdatamodeld */ = {
			isa = XCVersionGroup;
			children = (
				433010C429A174B500D326D9 /* FitPrep.xcdatamodel */,
			);
			currentVersion = 433010C429A174B500D326D9 /* FitPrep.xcdatamodel */;
			path = FitPrep.xcdatamodeld;
			sourceTree = "<group>";
			versionGroupType = wrapper.xcdatamodel;
		};
/* End XCVersionGroup section */
	};
	rootObject = 433010AD29A174B400D326D9 /* Project object */;
}
